{
  "version": 4,
  "terraform_version": "1.14.0",
  "serial": 20,
  "lineage": "87638f32-77dc-e2cf-7838-9b91e6b59614",
  "outputs": {
    "cluster_summary": {
      "value": {
        "agents": [
          {
            "id": "537823214",
            "ip_private": "10.10.10.4",
            "ip_public": "104.131.165.18",
            "name": "k3s-agent-nyc3-76af-1",
            "price": 12
          }
        ],
        "api_server_ip": "134.199.243.39",
        "cluster_region": "nyc3",
        "servers": [
          {
            "id": "537823676",
            "ip_private": "10.10.10.5",
            "ip_public": "209.97.149.57",
            "name": "k3s-server-nyc3-385d-1",
            "price": 12
          }
        ]
      },
      "type": [
        "object",
        {
          "agents": [
            "tuple",
            [
              [
                "object",
                {
                  "id": "string",
                  "ip_private": "string",
                  "ip_public": "string",
                  "name": "string",
                  "price": "number"
                }
              ]
            ]
          ],
          "api_server_ip": "string",
          "cluster_region": "string",
          "servers": [
            "tuple",
            [
              [
                "object",
                {
                  "id": "string",
                  "ip_private": "string",
                  "ip_public": "string",
                  "name": "string",
                  "price": "number"
                }
              ]
            ]
          ]
        }
      ]
    }
  },
  "resources": [
    {
      "mode": "data",
      "type": "digitalocean_ssh_key",
      "name": "this",
      "provider": "provider[\"registry.terraform.io/digitalocean/digitalocean\"]",
      "instances": [
        {
          "schema_version": 0,
          "attributes": {
            "fingerprint": "f0:15:ca:ea:a5:23:6a:fa:da:45:7b:56:c1:ab:e4:d8",
            "id": 52721726,
            "name": "Work Ubuntu",
            "public_key": "ssh-ed25519 AAAAC3NzaC1lZDI1NTE5AAAAIMrFmk4scGreUmaiNQyD0rWgVK+IQE+hmh5aEYzH+aQj duwan-sierra@duwan-sierra-ubuntu"
          },
          "sensitive_attributes": [],
          "identity_schema_version": 0
        }
      ]
    },
    {
      "module": "module.k3s",
      "mode": "managed",
      "type": "digitalocean_database_cluster",
      "name": "k3s",
      "provider": "provider[\"registry.terraform.io/digitalocean/digitalocean\"]",
      "instances": [
        {
          "schema_version": 0,
          "attributes": {
            "backup_restore": [],
            "database": "defaultdb",
            "engine": "pg",
            "eviction_policy": null,
            "host": "k3s-ext-datastore-do-user-30704438-0.e.db.ondigitalocean.com",
            "id": "9cd0632c-dfa1-45a5-a79b-a77f7d6ca9d6",
            "maintenance_window": [],
            "metrics_endpoints": [
              "https://k3s-ext-datastore-do-user-30704438-0.e.db.ondigitalocean.com:9273/metrics"
            ],
            "name": "k3s-ext-datastore",
            "node_count": 1,
            "password": "AVNS_O3A7CqAmGi4qSH47Y5z",
            "port": 25060,
            "private_host": "private-k3s-ext-datastore-do-user-30704438-0.e.db.ondigitalocean.com",
            "private_network_uuid": "e90cef59-fdc9-45b3-9bc1-188aac10d44c",
            "private_uri": "postgresql://doadmin:AVNS_O3A7CqAmGi4qSH47Y5z@private-k3s-ext-datastore-do-user-30704438-0.e.db.ondigitalocean.com:25060/defaultdb?sslmode=require",
            "project_id": "1ce1aed3-2140-4b24-9206-f334744f1c65",
            "region": "nyc3",
            "size": "db-s-1vcpu-1gb",
            "sql_mode": null,
            "storage_size_mib": "10240",
            "tags": null,
            "timeouts": null,
            "ui_database": null,
            "ui_host": null,
            "ui_password": null,
            "ui_port": null,
            "ui_uri": null,
            "ui_user": null,
            "uri": "postgresql://doadmin:AVNS_O3A7CqAmGi4qSH47Y5z@k3s-ext-datastore-do-user-30704438-0.e.db.ondigitalocean.com:25060/defaultdb?sslmode=require",
            "urn": "do:dbaas:9cd0632c-dfa1-45a5-a79b-a77f7d6ca9d6",
            "user": "doadmin",
            "version": "17"
          },
          "sensitive_attributes": [
            [
              {
                "type": "get_attr",
                "value": "password"
              }
            ],
            [
              {
                "type": "get_attr",
                "value": "private_uri"
              }
            ],
            [
              {
                "type": "get_attr",
                "value": "ui_password"
              }
            ],
            [
              {
                "type": "get_attr",
                "value": "ui_uri"
              }
            ],
            [
              {
                "type": "get_attr",
                "value": "uri"
              }
            ]
          ],
          "identity_schema_version": 0,
          "private": "eyJlMmJmYjczMC1lY2FhLTExZTYtOGY4OC0zNDM2M2JjN2M0YzAiOnsiY3JlYXRlIjoxODAwMDAwMDAwMDAwfX0=",
          "dependencies": [
            "module.k3s.digitalocean_vpc.k3s_vpc"
          ]
        }
      ]
    },
    {
      "module": "module.k3s",
      "mode": "managed",
      "type": "digitalocean_database_firewall",
      "name": "k3s",
      "provider": "provider[\"registry.terraform.io/digitalocean/digitalocean\"]",
      "instances": [
        {
          "schema_version": 0,
          "attributes": {
            "cluster_id": "9cd0632c-dfa1-45a5-a79b-a77f7d6ca9d6",
            "id": "9cd0632c-dfa1-45a5-a79b-a77f7d6ca9d6-20251217214130826900000001",
            "rule": [
              {
                "created_at": "2025-12-17T21:41:30Z",
                "type": "tag",
                "uuid": "df3286fd-83dd-4dbe-a4a7-b5a186c4f836",
                "value": "k3s_server"
              }
            ]
          },
          "sensitive_attributes": [],
          "identity_schema_version": 0,
          "private": "bnVsbA==",
          "dependencies": [
            "module.k3s.digitalocean_database_cluster.k3s",
            "module.k3s.digitalocean_tag.server",
            "module.k3s.digitalocean_vpc.k3s_vpc"
          ]
        }
      ]
    },
    {
      "module": "module.k3s",
      "mode": "managed",
      "type": "digitalocean_database_user",
      "name": "dbuser",
      "provider": "provider[\"registry.terraform.io/digitalocean/digitalocean\"]",
      "instances": [
        {
          "schema_version": 0,
          "attributes": {
            "access_cert": null,
            "access_key": null,
            "cluster_id": "9cd0632c-dfa1-45a5-a79b-a77f7d6ca9d6",
            "id": "9cd0632c-dfa1-45a5-a79b-a77f7d6ca9d6/user/k3s_default_user",
            "mysql_auth_plugin": null,
            "name": "k3s_default_user",
            "password": "AVNS_9ZkHZ6fITZrG6V721jm",
            "role": "normal",
            "settings": []
          },
          "sensitive_attributes": [
            [
              {
                "type": "get_attr",
                "value": "access_cert"
              }
            ],
            [
              {
                "type": "get_attr",
                "value": "access_key"
              }
            ],
            [
              {
                "type": "get_attr",
                "value": "password"
              }
            ]
          ],
          "identity_schema_version": 0,
          "private": "bnVsbA==",
          "dependencies": [
            "module.k3s.digitalocean_database_cluster.k3s",
            "module.k3s.digitalocean_vpc.k3s_vpc"
          ]
        }
      ]
    },
    {
      "module": "module.k3s",
      "mode": "managed",
      "type": "digitalocean_droplet",
      "name": "k3s_agent",
      "provider": "provider[\"registry.terraform.io/digitalocean/digitalocean\"]",
      "instances": [
        {
          "index_key": 0,
          "schema_version": 1,
          "attributes": {
            "backup_policy": [],
            "backups": false,
            "created_at": "2025-12-17T21:38:16Z",
            "disk": 50,
            "droplet_agent": null,
            "graceful_shutdown": false,
            "id": "537823214",
            "image": "ubuntu-24-04-x64",
            "ipv4_address": "104.131.165.18",
            "ipv4_address_private": "10.10.10.4",
            "ipv6": false,
            "ipv6_address": "",
            "locked": false,
            "memory": 2048,
            "monitoring": true,
            "name": "k3s-agent-nyc3-76af-1",
            "price_hourly": 0.01786,
            "price_monthly": 12,
            "private_networking": true,
            "region": "nyc3",
            "resize_disk": true,
            "size": "s-1vcpu-2gb",
            "ssh_keys": [
              "f0:15:ca:ea:a5:23:6a:fa:da:45:7b:56:c1:ab:e4:d8"
            ],
            "status": "active",
            "tags": [
              "k3s_agent"
            ],
            "timeouts": null,
            "urn": "do:droplet:537823214",
            "user_data": "957113aaa39afa200539d2a041df25ab7930c0ca",
            "vcpus": 1,
            "volume_ids": [],
            "vpc_uuid": "e90cef59-fdc9-45b3-9bc1-188aac10d44c"
          },
          "sensitive_attributes": [
            [
              {
                "type": "get_attr",
                "value": "user_data"
              }
            ]
          ],
          "identity_schema_version": 0,
          "private": "eyJlMmJmYjczMC1lY2FhLTExZTYtOGY4OC0zNDM2M2JjN2M0YzAiOnsiY3JlYXRlIjozNjAwMDAwMDAwMDAwLCJkZWxldGUiOjYwMDAwMDAwMDAwLCJ1cGRhdGUiOjM2MDAwMDAwMDAwMDB9LCJzY2hlbWFfdmVyc2lvbiI6IjEifQ==",
          "dependencies": [
            "data.digitalocean_ssh_key.this",
            "module.k3s.digitalocean_loadbalancer.k3s_lb",
            "module.k3s.digitalocean_tag.agent",
            "module.k3s.digitalocean_tag.server",
            "module.k3s.digitalocean_vpc.k3s_vpc",
            "module.k3s.random_id.agent_node_id",
            "module.k3s.random_password.k3s_token"
          ]
        }
      ]
    },
    {
      "module": "module.k3s",
      "mode": "managed",
      "type": "digitalocean_droplet",
      "name": "k3s_server_init",
      "provider": "provider[\"registry.terraform.io/digitalocean/digitalocean\"]",
      "instances": [
        {
          "index_key": 0,
          "schema_version": 1,
          "attributes": {
            "backup_policy": [],
            "backups": false,
            "created_at": "2025-12-17T21:41:32Z",
            "disk": 50,
            "droplet_agent": null,
            "graceful_shutdown": false,
            "id": "537823676",
            "image": "ubuntu-24-04-x64",
            "ipv4_address": "209.97.149.57",
            "ipv4_address_private": "10.10.10.5",
            "ipv6": false,
            "ipv6_address": "",
            "locked": false,
            "memory": 2048,
            "monitoring": true,
            "name": "k3s-server-nyc3-385d-1",
            "price_hourly": 0.01786,
            "price_monthly": 12,
            "private_networking": true,
            "region": "nyc3",
            "resize_disk": true,
            "size": "s-1vcpu-2gb",
            "ssh_keys": [
              "f0:15:ca:ea:a5:23:6a:fa:da:45:7b:56:c1:ab:e4:d8"
            ],
            "status": "active",
            "tags": [
              "k3s_server"
            ],
            "timeouts": null,
            "urn": "do:droplet:537823676",
            "user_data": "bfff3d0c97e05aa3fff990dab2ad111f3a600418",
            "vcpus": 1,
            "volume_ids": [],
            "vpc_uuid": "e90cef59-fdc9-45b3-9bc1-188aac10d44c"
          },
          "sensitive_attributes": [
            [
              {
                "type": "get_attr",
                "value": "user_data"
              }
            ]
          ],
          "identity_schema_version": 0,
          "private": "eyJlMmJmYjczMC1lY2FhLTExZTYtOGY4OC0zNDM2M2JjN2M0YzAiOnsiY3JlYXRlIjozNjAwMDAwMDAwMDAwLCJkZWxldGUiOjYwMDAwMDAwMDAwLCJ1cGRhdGUiOjM2MDAwMDAwMDAwMDB9LCJzY2hlbWFfdmVyc2lvbiI6IjEifQ==",
          "dependencies": [
            "data.digitalocean_ssh_key.this",
            "module.k3s.digitalocean_database_cluster.k3s",
            "module.k3s.digitalocean_database_user.dbuser",
            "module.k3s.digitalocean_firewall.ccm_firewall",
            "module.k3s.digitalocean_loadbalancer.k3s_lb",
            "module.k3s.digitalocean_tag.agent",
            "module.k3s.digitalocean_tag.server",
            "module.k3s.digitalocean_vpc.k3s_vpc",
            "module.k3s.random_id.server_node_id",
            "module.k3s.random_password.k3s_token"
          ]
        }
      ]
    },
    {
      "module": "module.k3s",
      "mode": "managed",
      "type": "digitalocean_firewall",
      "name": "ccm_firewall",
      "provider": "provider[\"registry.terraform.io/digitalocean/digitalocean\"]",
      "instances": [
        {
          "schema_version": 0,
          "attributes": {
            "created_at": "2025-12-17T21:36:15Z",
            "droplet_ids": null,
            "id": "c96ec699-ebcc-4528-b15f-a1b221094d06",
            "inbound_rule": [],
            "name": "ccm-firewall",
            "outbound_rule": [
              {
                "destination_addresses": [
                  "0.0.0.0/0",
                  "::/0"
                ],
                "destination_droplet_ids": [],
                "destination_kubernetes_ids": [],
                "destination_load_balancer_uids": [],
                "destination_tags": [],
                "port_range": "",
                "protocol": "icmp"
              }
            ],
            "pending_changes": [],
            "status": "succeeded",
            "tags": null
          },
          "sensitive_attributes": [],
          "identity_schema_version": 0,
          "private": "bnVsbA=="
        }
      ]
    },
    {
      "module": "module.k3s",
      "mode": "managed",
      "type": "digitalocean_firewall",
      "name": "k3s_firewall",
      "provider": "provider[\"registry.terraform.io/digitalocean/digitalocean\"]",
      "instances": [
        {
          "schema_version": 0,
          "attributes": {
            "created_at": "2025-12-17T21:36:17Z",
            "droplet_ids": null,
            "id": "79a920d7-c19b-49b4-9f72-66d08f1ad105",
            "inbound_rule": [
              {
                "port_range": "",
                "protocol": "icmp",
                "source_addresses": [
                  "10.10.10.0/24"
                ],
                "source_droplet_ids": [],
                "source_kubernetes_ids": [],
                "source_load_balancer_uids": [],
                "source_tags": []
              },
              {
                "port_range": "1-65535",
                "protocol": "tcp",
                "source_addresses": [
                  "10.10.10.0/24"
                ],
                "source_droplet_ids": [],
                "source_kubernetes_ids": [],
                "source_load_balancer_uids": [],
                "source_tags": []
              },
              {
                "port_range": "1-65535",
                "protocol": "udp",
                "source_addresses": [
                  "10.10.10.0/24"
                ],
                "source_droplet_ids": [],
                "source_kubernetes_ids": [],
                "source_load_balancer_uids": [],
                "source_tags": []
              },
              {
                "port_range": "22",
                "protocol": "tcp",
                "source_addresses": [
                  "0.0.0.0/0",
                  "::/0"
                ],
                "source_droplet_ids": [],
                "source_kubernetes_ids": [],
                "source_load_balancer_uids": [],
                "source_tags": []
              }
            ],
            "name": "k3s-firewall",
            "outbound_rule": [
              {
                "destination_addresses": [
                  "0.0.0.0/0",
                  "::/0"
                ],
                "destination_droplet_ids": [],
                "destination_kubernetes_ids": [],
                "destination_load_balancer_uids": [],
                "destination_tags": [],
                "port_range": "1-65535",
                "protocol": "tcp"
              },
              {
                "destination_addresses": [
                  "0.0.0.0/0",
                  "::/0"
                ],
                "destination_droplet_ids": [],
                "destination_kubernetes_ids": [],
                "destination_load_balancer_uids": [],
                "destination_tags": [],
                "port_range": "1-65535",
                "protocol": "udp"
              }
            ],
            "pending_changes": [],
            "status": "succeeded",
            "tags": [
              "k3s_agent",
              "k3s_server"
            ]
          },
          "sensitive_attributes": [],
          "identity_schema_version": 0,
          "private": "bnVsbA==",
          "dependencies": [
            "module.k3s.digitalocean_tag.agent",
            "module.k3s.digitalocean_tag.server"
          ]
        }
      ]
    },
    {
      "module": "module.k3s",
      "mode": "managed",
      "type": "digitalocean_loadbalancer",
      "name": "k3s_lb",
      "provider": "provider[\"registry.terraform.io/digitalocean/digitalocean\"]",
      "instances": [
        {
          "schema_version": 1,
          "attributes": {
            "algorithm": "round_robin",
            "disable_lets_encrypt_dns_records": false,
            "domains": [],
            "droplet_ids": [],
            "droplet_tag": "k3s_server",
            "enable_backend_keepalive": false,
            "enable_proxy_protocol": false,
            "firewall": [],
            "forwarding_rule": [
              {
                "certificate_id": "",
                "certificate_name": "",
                "entry_port": 6443,
                "entry_protocol": "https",
                "target_port": 6443,
                "target_protocol": "https",
                "tls_passthrough": true
              }
            ],
            "glb_settings": [],
            "healthcheck": [
              {
                "check_interval_seconds": 10,
                "healthy_threshold": 5,
                "path": "",
                "port": 6443,
                "protocol": "tcp",
                "response_timeout_seconds": 5,
                "unhealthy_threshold": 3
              }
            ],
            "http_idle_timeout_seconds": 60,
            "id": "7cfb5cfb-6e68-43e1-adcd-a26f1e1d02b5",
            "ip": "134.199.243.39",
            "ipv6": "2604:a880:800:14:0:2:27ed:6000",
            "name": "k3s-api-loadbalancer",
            "network": null,
            "network_stack": null,
            "project_id": "1ce1aed3-2140-4b24-9206-f334744f1c65",
            "redirect_http_to_https": false,
            "region": "nyc3",
            "size": null,
            "size_unit": 1,
            "status": "active",
            "sticky_sessions": [
              {
                "cookie_name": "",
                "cookie_ttl_seconds": 0,
                "type": "none"
              }
            ],
            "target_load_balancer_ids": [],
            "tls_cipher_policy": null,
            "type": "REGIONAL",
            "urn": "do:loadbalancer:7cfb5cfb-6e68-43e1-adcd-a26f1e1d02b5",
            "vpc_uuid": "e90cef59-fdc9-45b3-9bc1-188aac10d44c"
          },
          "sensitive_attributes": [],
          "identity_schema_version": 0,
          "private": "eyJzY2hlbWFfdmVyc2lvbiI6IjEifQ==",
          "dependencies": [
            "module.k3s.digitalocean_tag.server",
            "module.k3s.digitalocean_vpc.k3s_vpc"
          ]
        }
      ]
    },
    {
      "module": "module.k3s",
      "mode": "managed",
      "type": "digitalocean_project",
      "name": "k3s_cluster",
      "provider": "provider[\"registry.terraform.io/digitalocean/digitalocean\"]",
      "instances": [
        {
          "schema_version": 0,
          "attributes": {
            "created_at": "2025-12-17T21:36:15Z",
            "description": "k3s Cluster",
            "environment": "Development",
            "id": "39fc5ac7-5cdb-4c15-b771-dccbaae56680",
            "is_default": false,
            "name": "k3s-cluster",
            "owner_id": 30704438,
            "owner_uuid": "3754e00c-1bce-42d1-a242-959860c087a6",
            "purpose": "HA K3s (Kubernetes) Cluster",
            "resources": [],
            "timeouts": null,
            "updated_at": "2025-12-17T21:36:15Z"
          },
          "sensitive_attributes": [],
          "identity_schema_version": 0,
          "private": "eyJlMmJmYjczMC1lY2FhLTExZTYtOGY4OC0zNDM2M2JjN2M0YzAiOnsiZGVsZXRlIjoxODAwMDAwMDAwMDB9fQ=="
        }
      ]
    },
    {
      "module": "module.k3s",
      "mode": "managed",
      "type": "digitalocean_project_resources",
      "name": "k3s_agent_nodes",
      "provider": "provider[\"registry.terraform.io/digitalocean/digitalocean\"]",
      "instances": [
        {
          "index_key": 0,
          "schema_version": 0,
          "attributes": {
            "id": "39fc5ac7-5cdb-4c15-b771-dccbaae56680",
            "project": "39fc5ac7-5cdb-4c15-b771-dccbaae56680",
            "resources": [
              "do:droplet:537823214"
            ]
          },
          "sensitive_attributes": [],
          "identity_schema_version": 0,
          "private": "bnVsbA==",
          "dependencies": [
            "data.digitalocean_ssh_key.this",
            "module.k3s.digitalocean_droplet.k3s_agent",
            "module.k3s.digitalocean_loadbalancer.k3s_lb",
            "module.k3s.digitalocean_project.k3s_cluster",
            "module.k3s.digitalocean_tag.agent",
            "module.k3s.digitalocean_tag.server",
            "module.k3s.digitalocean_vpc.k3s_vpc",
            "module.k3s.random_id.agent_node_id",
            "module.k3s.random_password.k3s_token"
          ]
        }
      ]
    },
    {
      "module": "module.k3s",
      "mode": "managed",
      "type": "digitalocean_project_resources",
      "name": "k3s_api_server_lb",
      "provider": "provider[\"registry.terraform.io/digitalocean/digitalocean\"]",
      "instances": [
        {
          "schema_version": 0,
          "attributes": {
            "id": "39fc5ac7-5cdb-4c15-b771-dccbaae56680",
            "project": "39fc5ac7-5cdb-4c15-b771-dccbaae56680",
            "resources": [
              "do:loadbalancer:7cfb5cfb-6e68-43e1-adcd-a26f1e1d02b5"
            ]
          },
          "sensitive_attributes": [],
          "identity_schema_version": 0,
          "private": "bnVsbA==",
          "dependencies": [
            "module.k3s.digitalocean_loadbalancer.k3s_lb",
            "module.k3s.digitalocean_project.k3s_cluster",
            "module.k3s.digitalocean_tag.server",
            "module.k3s.digitalocean_vpc.k3s_vpc"
          ]
        }
      ]
    },
    {
      "module": "module.k3s",
      "mode": "managed",
      "type": "digitalocean_project_resources",
      "name": "k3s_ext_datastore",
      "provider": "provider[\"registry.terraform.io/digitalocean/digitalocean\"]",
      "instances": [
        {
          "schema_version": 0,
          "attributes": {
            "id": "39fc5ac7-5cdb-4c15-b771-dccbaae56680",
            "project": "39fc5ac7-5cdb-4c15-b771-dccbaae56680",
            "resources": [
              "do:dbaas:9cd0632c-dfa1-45a5-a79b-a77f7d6ca9d6"
            ]
          },
          "sensitive_attributes": [],
          "identity_schema_version": 0,
          "private": "bnVsbA==",
          "dependencies": [
            "module.k3s.digitalocean_database_cluster.k3s",
            "module.k3s.digitalocean_project.k3s_cluster",
            "module.k3s.digitalocean_vpc.k3s_vpc"
          ]
        }
      ]
    },
    {
      "module": "module.k3s",
      "mode": "managed",
      "type": "digitalocean_project_resources",
      "name": "k3s_init_server_node",
      "provider": "provider[\"registry.terraform.io/digitalocean/digitalocean\"]",
      "instances": [
        {
          "index_key": 0,
          "schema_version": 0,
          "attributes": {
            "id": "39fc5ac7-5cdb-4c15-b771-dccbaae56680",
            "project": "39fc5ac7-5cdb-4c15-b771-dccbaae56680",
            "resources": [
              "do:droplet:537823676"
            ]
          },
          "sensitive_attributes": [],
          "identity_schema_version": 0,
          "private": "bnVsbA==",
          "dependencies": [
            "data.digitalocean_ssh_key.this",
            "module.k3s.digitalocean_database_cluster.k3s",
            "module.k3s.digitalocean_database_user.dbuser",
            "module.k3s.digitalocean_droplet.k3s_server_init",
            "module.k3s.digitalocean_firewall.ccm_firewall",
            "module.k3s.digitalocean_loadbalancer.k3s_lb",
            "module.k3s.digitalocean_project.k3s_cluster",
            "module.k3s.digitalocean_tag.agent",
            "module.k3s.digitalocean_tag.server",
            "module.k3s.digitalocean_vpc.k3s_vpc",
            "module.k3s.random_id.server_node_id",
            "module.k3s.random_password.k3s_token"
          ]
        }
      ]
    },
    {
      "module": "module.k3s",
      "mode": "managed",
      "type": "digitalocean_tag",
      "name": "agent",
      "provider": "provider[\"registry.terraform.io/digitalocean/digitalocean\"]",
      "instances": [
        {
          "schema_version": 0,
          "attributes": {
            "databases_count": 0,
            "droplets_count": 0,
            "id": "k3s_agent",
            "images_count": 0,
            "name": "k3s_agent",
            "total_resource_count": 0,
            "volume_snapshots_count": 0,
            "volumes_count": 0
          },
          "sensitive_attributes": [],
          "identity_schema_version": 0,
          "private": "bnVsbA=="
        }
      ]
    },
    {
      "module": "module.k3s",
      "mode": "managed",
      "type": "digitalocean_tag",
      "name": "server",
      "provider": "provider[\"registry.terraform.io/digitalocean/digitalocean\"]",
      "instances": [
        {
          "schema_version": 0,
          "attributes": {
            "databases_count": 0,
            "droplets_count": 0,
            "id": "k3s_server",
            "images_count": 0,
            "name": "k3s_server",
            "total_resource_count": 0,
            "volume_snapshots_count": 0,
            "volumes_count": 0
          },
          "sensitive_attributes": [],
          "identity_schema_version": 0,
          "private": "bnVsbA=="
        }
      ]
    },
    {
      "module": "module.k3s",
      "mode": "managed",
      "type": "digitalocean_vpc",
      "name": "k3s_vpc",
      "provider": "provider[\"registry.terraform.io/digitalocean/digitalocean\"]",
      "instances": [
        {
          "schema_version": 0,
          "attributes": {
            "created_at": "2025-12-17 21:36:16 +0000 UTC",
            "default": false,
            "description": "",
            "id": "e90cef59-fdc9-45b3-9bc1-188aac10d44c",
            "ip_range": "10.10.10.0/24",
            "name": "k3s-vpc-01",
            "region": "nyc3",
            "timeouts": null,
            "urn": "do:vpc:e90cef59-fdc9-45b3-9bc1-188aac10d44c"
          },
          "sensitive_attributes": [],
          "identity_schema_version": 0,
          "private": "eyJlMmJmYjczMC1lY2FhLTExZTYtOGY4OC0zNDM2M2JjN2M0YzAiOnsiZGVsZXRlIjoxMjAwMDAwMDAwMDB9fQ=="
        }
      ]
    },
    {
      "module": "module.k3s",
      "mode": "managed",
      "type": "random_id",
      "name": "agent_node_id",
      "provider": "provider[\"registry.terraform.io/hashicorp/random\"]",
      "instances": [
        {
          "index_key": 0,
          "schema_version": 0,
          "attributes": {
            "b64_std": "dq8=",
            "b64_url": "dq8",
            "byte_length": 2,
            "dec": "30383",
            "hex": "76af",
            "id": "dq8",
            "keepers": null,
            "prefix": null
          },
          "sensitive_attributes": [],
          "identity_schema_version": 0
        }
      ]
    },
    {
      "module": "module.k3s",
      "mode": "managed",
      "type": "random_id",
      "name": "server_node_id",
      "provider": "provider[\"registry.terraform.io/hashicorp/random\"]",
      "instances": [
        {
          "index_key": 0,
          "schema_version": 0,
          "attributes": {
            "b64_std": "OF0=",
            "b64_url": "OF0",
            "byte_length": 2,
            "dec": "14429",
            "hex": "385d",
            "id": "OF0",
            "keepers": null,
            "prefix": null
          },
          "sensitive_attributes": [],
          "identity_schema_version": 0
        }
      ]
    },
    {
      "module": "module.k3s",
      "mode": "managed",
      "type": "random_password",
      "name": "k3s_token",
      "provider": "provider[\"registry.terraform.io/hashicorp/random\"]",
      "instances": [
        {
          "schema_version": 3,
          "attributes": {
            "bcrypt_hash": "$2a$10$R8h7o8EyPkiYsnYswQYBsO8TRViTKTs1SUw0AELnvG2qk.6hNtmGK",
            "id": "none",
            "keepers": null,
            "length": 48,
            "lower": true,
            "min_lower": 0,
            "min_numeric": 0,
            "min_special": 0,
            "min_upper": 0,
            "number": true,
            "numeric": true,
            "override_special": null,
            "result": "y1wg4bhb5du0fqitjbczryaespz02q09hnvv3iuhtpuuacxr",
            "special": false,
            "upper": false
          },
          "sensitive_attributes": [
            [
              {
                "type": "get_attr",
                "value": "bcrypt_hash"
              }
            ],
            [
              {
                "type": "get_attr",
                "value": "result"
              }
            ]
          ],
          "identity_schema_version": 0
        }
      ]
    }
  ],
  "check_results": [
    {
      "object_kind": "var",
      "config_addr": "module.k3s.var.region",
      "status": "pass",
      "objects": [
        {
          "object_addr": "module.k3s.var.region",
          "status": "pass"
        }
      ]
    },
    {
      "object_kind": "var",
      "config_addr": "module.k3s.var.flannel_backend",
      "status": "pass",
      "objects": [
        {
          "object_addr": "module.k3s.var.flannel_backend",
          "status": "pass"
        }
      ]
    },
    {
      "object_kind": "var",
      "config_addr": "module.k3s.var.database_engine",
      "status": "pass",
      "objects": [
        {
          "object_addr": "module.k3s.var.database_engine",
          "status": "pass"
        }
      ]
    },
    {
      "object_kind": "var",
      "config_addr": "module.k3s.var.ingress",
      "status": "pass",
      "objects": [
        {
          "object_addr": "module.k3s.var.ingress",
          "status": "pass"
        }
      ]
    }
  ]
}
